
Microsoft Visual Studio Solution File, Format Version 12.00
# Visual Studio Version 16
VisualStudioVersion = 16.0.34601.136
MinimumVisualStudioVersion = 10.0.40219.1
Project("{9A19103F-16F7-4668-BE54-9A1E7A4F7556}") = "WebApi", "server\WebApi.csproj", "{32B54FE3-7673-4A94-8173-FBC838322EDA}"
EndProject
Global
	GlobalSection(SolutionConfigurationPlatforms) = preSolution
		Debug|Any CPU = Debug|Any CPU
		Release|Any CPU = Release|Any CPU
	EndGlobalSection
	GlobalSection(ProjectConfigurationPlatforms) = postSolution
		{32B54FE3-7673-4A94-8173-FBC838322EDA}.Debug|Any CPU.ActiveCfg = Debug|Any CPU
		{32B54FE3-7673-4A94-8173-FBC838322EDA}.Debug|Any CPU.Build.0 = Debug|Any CPU
		{32B54FE3-7673-4A94-8173-FBC838322EDA}.Release|Any CPU.ActiveCfg = Release|Any CPU
		{32B54FE3-7673-4A94-8173-FBC838322EDA}.Release|Any CPU.Build.0 = Release|Any CPU
	EndGlobalSection
	GlobalSection(SolutionProperties) = preSolution
		HideSolutionNode = FALSE
	EndGlobalSection
	GlobalSection(ExtensibilityGlobals) = postSolution
		SolutionGuid = {5A2B960C-1C9C-4949-BF0E-ADEC38E94B31}
	EndGlobalSection
EndGlobal
